
Microsoft Visual Studio Solution File, Format Version 12.00
# Visual Studio Version 16
VisualStudioVersion = 16.0.30804.86
MinimumVisualStudioVersion = 10.0.40219.1
Project("{2150E333-8FDC-42A3-9474-1A3956D46DE8}") = "src", "src", "{C8DC51E9-1004-413F-93BB-53BF34762939}"
EndProject
Project("{2150E333-8FDC-42A3-9474-1A3956D46DE8}") = "tests", "tests", "{66FB985E-9D72-4E47-BD29-DD2A4F2E5555}"
EndProject
Project("{2150E333-8FDC-42A3-9474-1A3956D46DE8}") = "App", "App", "{55D8BC8A-C3C9-4901-948F-BC37D19E239A}"
EndProject
Project("{2150E333-8FDC-42A3-9474-1A3956D46DE8}") = "Core", "Core", "{AA74CF65-A9CC-48E1-983A-7A0EB8E2601A}"
EndProject
Project("{2150E333-8FDC-42A3-9474-1A3956D46DE8}") = "Infrastructure", "Infrastructure", "{997FED7E-0939-469D-9202-7819FB79275F}"
EndProject
Project("{2150E333-8FDC-42A3-9474-1A3956D46DE8}") = "WebApi", "WebApi", "{4A790F97-3099-402B-8ED7-C064A988D109}"
EndProject
Project("{9A19103F-16F7-4668-BE54-9A1E7A4F7556}") = "DSEU.Application", "DSEU.Application\DSEU.Application.csproj", "{C3345B0F-12C4-4FE5-AA66-86DF219D3AF8}"
EndProject
Project("{9A19103F-16F7-4668-BE54-9A1E7A4F7556}") = "DSEU.Domain", "DSEU.Domain\DSEU.Domain.csproj", "{D9D04487-0104-422D-A09F-DC63EAF96DDF}"
EndProject
Project("{9A19103F-16F7-4668-BE54-9A1E7A4F7556}") = "DSEU.UI", "DSEU.UI\DSEU.UI.csproj", "{E18171ED-0B48-44C2-8EAE-7D86C9FAD225}"
EndProject
Project("{9A19103F-16F7-4668-BE54-9A1E7A4F7556}") = "DSEU.Infrastructure", "DSEU.Infrastructure\DSEU.Infrastructure.csproj", "{C5983882-6253-42F4-87E8-C424E3355CC2}"
EndProject
Project("{9A19103F-16F7-4668-BE54-9A1E7A4F7556}") = "DSEU.Infrastructure.Identity", "DSEU.Infrastructure.Identity\DSEU.Infrastructure.Identity.csproj", "{A7DDE21A-BE9E-4492-A41F-FC6C6305FDDB}"
	ProjectSection(ProjectDependencies) = postProject
		{C3345B0F-12C4-4FE5-AA66-86DF219D3AF8} = {C3345B0F-12C4-4FE5-AA66-86DF219D3AF8}
	EndProjectSection
EndProject
Project("{9A19103F-16F7-4668-BE54-9A1E7A4F7556}") = "DSEU.Infrastructure.Persistence", "DSEU.Infrastructure.Persistence\DSEU.Infrastructure.Persistence.csproj", "{0CE3AF70-FED2-4708-93C7-43E84E8EE9AA}"
EndProject
Project("{9A19103F-16F7-4668-BE54-9A1E7A4F7556}") = "DSEU.Infrastructure.DataProtection", "DSEU.Infrastructure.DataProtection\DSEU.Infrastructure.DataProtection.csproj", "{768F748D-59C6-44DC-A7DD-58BB75A44A7A}"
EndProject
Project("{E53339B2-1760-4266-BCC7-CA923CBCF16C}") = "docker-compose", "docker-compose.dcproj", "{80815D7C-00A2-425C-B853-F48DD928B26F}"
EndProject
Project("{9A19103F-16F7-4668-BE54-9A1E7A4F7556}") = "DSEU.Application.Tests", "DSEU.Application.Tests\DSEU.Application.Tests.csproj", "{F4C9FF62-9265-4066-8995-86F241ED0F95}"
EndProject
Project("{2150E333-8FDC-42A3-9474-1A3956D46DE8}") = "Shared", "Shared", "{F43FAE91-CC40-4ABD-8ECC-30BAD99B790E}"
EndProject
Project("{FAE04EC0-301F-11D3-BF4B-00C04F79EFBC}") = "DSEU.Shared", "DSEU.Shared\DSEU.Shared.csproj", "{CF670D96-CD54-4E4A-B176-44A108A9E159}"
EndProject
Global
	GlobalSection(SolutionConfigurationPlatforms) = preSolution
		Debug|Any CPU = Debug|Any CPU
		Release|Any CPU = Release|Any CPU
	EndGlobalSection
	GlobalSection(ProjectConfigurationPlatforms) = postSolution
		{C3345B0F-12C4-4FE5-AA66-86DF219D3AF8}.Debug|Any CPU.ActiveCfg = Debug|Any CPU
		{C3345B0F-12C4-4FE5-AA66-86DF219D3AF8}.Debug|Any CPU.Build.0 = Debug|Any CPU
		{C3345B0F-12C4-4FE5-AA66-86DF219D3AF8}.Release|Any CPU.ActiveCfg = Release|Any CPU
		{C3345B0F-12C4-4FE5-AA66-86DF219D3AF8}.Release|Any CPU.Build.0 = Release|Any CPU
		{D9D04487-0104-422D-A09F-DC63EAF96DDF}.Debug|Any CPU.ActiveCfg = Debug|Any CPU
		{D9D04487-0104-422D-A09F-DC63EAF96DDF}.Debug|Any CPU.Build.0 = Debug|Any CPU
		{D9D04487-0104-422D-A09F-DC63EAF96DDF}.Release|Any CPU.ActiveCfg = Release|Any CPU
		{D9D04487-0104-422D-A09F-DC63EAF96DDF}.Release|Any CPU.Build.0 = Release|Any CPU
		{E18171ED-0B48-44C2-8EAE-7D86C9FAD225}.Debug|Any CPU.ActiveCfg = Debug|Any CPU
		{E18171ED-0B48-44C2-8EAE-7D86C9FAD225}.Debug|Any CPU.Build.0 = Debug|Any CPU
		{E18171ED-0B48-44C2-8EAE-7D86C9FAD225}.Release|Any CPU.ActiveCfg = Release|Any CPU
		{E18171ED-0B48-44C2-8EAE-7D86C9FAD225}.Release|Any CPU.Build.0 = Release|Any CPU
		{C5983882-6253-42F4-87E8-C424E3355CC2}.Debug|Any CPU.ActiveCfg = Debug|Any CPU
		{C5983882-6253-42F4-87E8-C424E3355CC2}.Debug|Any CPU.Build.0 = Debug|Any CPU
		{C5983882-6253-42F4-87E8-C424E3355CC2}.Release|Any CPU.ActiveCfg = Release|Any CPU
		{C5983882-6253-42F4-87E8-C424E3355CC2}.Release|Any CPU.Build.0 = Release|Any CPU
		{A7DDE21A-BE9E-4492-A41F-FC6C6305FDDB}.Debug|Any CPU.ActiveCfg = Debug|Any CPU
		{A7DDE21A-BE9E-4492-A41F-FC6C6305FDDB}.Debug|Any CPU.Build.0 = Debug|Any CPU
		{A7DDE21A-BE9E-4492-A41F-FC6C6305FDDB}.Release|Any CPU.ActiveCfg = Release|Any CPU
		{A7DDE21A-BE9E-4492-A41F-FC6C6305FDDB}.Release|Any CPU.Build.0 = Release|Any CPU
		{0CE3AF70-FED2-4708-93C7-43E84E8EE9AA}.Debug|Any CPU.ActiveCfg = Debug|Any CPU
		{0CE3AF70-FED2-4708-93C7-43E84E8EE9AA}.Debug|Any CPU.Build.0 = Debug|Any CPU
		{0CE3AF70-FED2-4708-93C7-43E84E8EE9AA}.Release|Any CPU.ActiveCfg = Release|Any CPU
		{0CE3AF70-FED2-4708-93C7-43E84E8EE9AA}.Release|Any CPU.Build.0 = Release|Any CPU
		{768F748D-59C6-44DC-A7DD-58BB75A44A7A}.Debug|Any CPU.ActiveCfg = Debug|Any CPU
		{768F748D-59C6-44DC-A7DD-58BB75A44A7A}.Debug|Any CPU.Build.0 = Debug|Any CPU
		{768F748D-59C6-44DC-A7DD-58BB75A44A7A}.Release|Any CPU.ActiveCfg = Release|Any CPU
		{768F748D-59C6-44DC-A7DD-58BB75A44A7A}.Release|Any CPU.Build.0 = Release|Any CPU
		{80815D7C-00A2-425C-B853-F48DD928B26F}.Debug|Any CPU.ActiveCfg = Debug|Any CPU
		{80815D7C-00A2-425C-B853-F48DD928B26F}.Debug|Any CPU.Build.0 = Debug|Any CPU
		{80815D7C-00A2-425C-B853-F48DD928B26F}.Release|Any CPU.ActiveCfg = Release|Any CPU
		{80815D7C-00A2-425C-B853-F48DD928B26F}.Release|Any CPU.Build.0 = Release|Any CPU
		{F4C9FF62-9265-4066-8995-86F241ED0F95}.Debug|Any CPU.ActiveCfg = Debug|Any CPU
		{F4C9FF62-9265-4066-8995-86F241ED0F95}.Debug|Any CPU.Build.0 = Debug|Any CPU
		{F4C9FF62-9265-4066-8995-86F241ED0F95}.Release|Any CPU.ActiveCfg = Release|Any CPU
		{F4C9FF62-9265-4066-8995-86F241ED0F95}.Release|Any CPU.Build.0 = Release|Any CPU
		{CF670D96-CD54-4E4A-B176-44A108A9E159}.Debug|Any CPU.ActiveCfg = Debug|Any CPU
		{CF670D96-CD54-4E4A-B176-44A108A9E159}.Debug|Any CPU.Build.0 = Debug|Any CPU
		{CF670D96-CD54-4E4A-B176-44A108A9E159}.Release|Any CPU.ActiveCfg = Release|Any CPU
		{CF670D96-CD54-4E4A-B176-44A108A9E159}.Release|Any CPU.Build.0 = Release|Any CPU
	EndGlobalSection
	GlobalSection(SolutionProperties) = preSolution
		HideSolutionNode = FALSE
	EndGlobalSection
	GlobalSection(NestedProjects) = preSolution
		{55D8BC8A-C3C9-4901-948F-BC37D19E239A} = {C8DC51E9-1004-413F-93BB-53BF34762939}
		{AA74CF65-A9CC-48E1-983A-7A0EB8E2601A} = {55D8BC8A-C3C9-4901-948F-BC37D19E239A}
		{997FED7E-0939-469D-9202-7819FB79275F} = {55D8BC8A-C3C9-4901-948F-BC37D19E239A}
		{4A790F97-3099-402B-8ED7-C064A988D109} = {55D8BC8A-C3C9-4901-948F-BC37D19E239A}
		{C3345B0F-12C4-4FE5-AA66-86DF219D3AF8} = {AA74CF65-A9CC-48E1-983A-7A0EB8E2601A}
		{D9D04487-0104-422D-A09F-DC63EAF96DDF} = {AA74CF65-A9CC-48E1-983A-7A0EB8E2601A}
		{E18171ED-0B48-44C2-8EAE-7D86C9FAD225} = {4A790F97-3099-402B-8ED7-C064A988D109}
		{C5983882-6253-42F4-87E8-C424E3355CC2} = {997FED7E-0939-469D-9202-7819FB79275F}
		{A7DDE21A-BE9E-4492-A41F-FC6C6305FDDB} = {997FED7E-0939-469D-9202-7819FB79275F}
		{0CE3AF70-FED2-4708-93C7-43E84E8EE9AA} = {997FED7E-0939-469D-9202-7819FB79275F}
		{768F748D-59C6-44DC-A7DD-58BB75A44A7A} = {997FED7E-0939-469D-9202-7819FB79275F}
		{F4C9FF62-9265-4066-8995-86F241ED0F95} = {66FB985E-9D72-4E47-BD29-DD2A4F2E5555}
		{F43FAE91-CC40-4ABD-8ECC-30BAD99B790E} = {55D8BC8A-C3C9-4901-948F-BC37D19E239A}
		{CF670D96-CD54-4E4A-B176-44A108A9E159} = {F43FAE91-CC40-4ABD-8ECC-30BAD99B790E}
	EndGlobalSection
	GlobalSection(ExtensibilityGlobals) = postSolution
		SolutionGuid = {B318A8D2-A47C-4788-A2D7-DF049D1E0FD9}
	EndGlobalSection
EndGlobal
